
Microsoft Visual Studio Solution File, Format Version 12.00
# Visual Studio Version 17
VisualStudioVersion = 17.0.31903.59
MinimumVisualStudioVersion = 10.0.40219.1
Project("{FAE04EC0-301F-11D3-BF4B-00C04F79EFBC}") = "VariablesAndDataTypes", "VariablesAndDataTypes\VariablesAndDataTypes.csproj", "{E650834F-4EB0-47C8-B2C4-3D7A26214E83}"
EndProject
Project("{FAE04EC0-301F-11D3-BF4B-00C04F79EFBC}") = "Operators", "Operators\Operators.csproj", "{F1869720-AB12-4D7F-9891-F491B2FB997E}"
EndProject
Project("{FAE04EC0-301F-11D3-BF4B-00C04F79EFBC}") = "TypeConversions", "TypeConversions\TypeConversions.csproj", "{36FD7B79-22BA-4119-88EC-7D010BEFF932}"
EndProject
Project("{FAE04EC0-301F-11D3-BF4B-00C04F79EFBC}") = "TryCatchFinallyAndLogicalFallacies", "TryCatchFinallyAndLogicalFallacies\TryCatchFinallyAndLogicalFallacies.csproj", "{A8FE3B08-7E75-4B9B-8784-19703F65EABF}"
EndProject
Project("{FAE04EC0-301F-11D3-BF4B-00C04F79EFBC}") = "IfElseStructureAndTernaryIf", "DecisionStructures\IfElseStructureAndTernaryIf\IfElseStructureAndTernaryIf.csproj", "{91FC082F-A0DB-400A-AF3A-2EA1FDB7B242}"
EndProject
Project("{FAE04EC0-301F-11D3-BF4B-00C04F79EFBC}") = "SwitchCase", "DecisionStructures\SwitchCase\SwitchCase.csproj", "{B0787126-271A-42F1-8E6B-50A4D41EB38E}"
EndProject
Project("{FAE04EC0-301F-11D3-BF4B-00C04F79EFBC}") = "ForLoopAndBreakContinue", "Loops\ForLoopAndBreakContinue\ForLoopAndBreakContinue.csproj", "{316367F1-7E77-453E-AFEC-7A5AD121C1CD}"
EndProject
Project("{FAE04EC0-301F-11D3-BF4B-00C04F79EFBC}") = "WhileAndForEach", "Loops\WhileAndForEach\WhileAndForEach.csproj", "{299EF7F1-289B-4808-8DBB-A85D31DA33A2}"
EndProject
Project("{FAE04EC0-301F-11D3-BF4B-00C04F79EFBC}") = "ArrayDeclaration", "Arrays\ArrayDeclaration\ArrayDeclaration.csproj", "{22D984F6-BCD2-48B6-B834-623E5E3AF88D}"
EndProject
Project("{FAE04EC0-301F-11D3-BF4B-00C04F79EFBC}") = "ArrayClassMethods", "Arrays\ArrayClassMethods\ArrayClassMethods.csproj", "{0F9A22C1-E7D1-4779-86CC-19A67C815163}"
EndProject
Project("{FAE04EC0-301F-11D3-BF4B-00C04F79EFBC}") = "MethodDeclaration", "Methods\MethodDeclaration\MethodDeclaration.csproj", "{DC8DF8E2-B53E-47DC-A224-9CD9E03E2953}"
EndProject
Project("{FAE04EC0-301F-11D3-BF4B-00C04F79EFBC}") = "MethodOverloading", "Methods\MethodOverloading\MethodOverloading.csproj", "{7C559482-CB64-49F4-9AB8-2AA97025F723}"
EndProject
Project("{FAE04EC0-301F-11D3-BF4B-00C04F79EFBC}") = "ExtensionAndRecursiveMethods", "Methods\ExtensionAndRecursiveMethods\ExtensionAndRecursiveMethods.csproj", "{15AE5B2F-F293-4B21-AA05-499781BC757D}"
EndProject
Project("{2150E333-8FDC-42A3-9474-1A3956D46DE8}") = "Homework", "Homework", "{C7266F78-433B-40A5-A11D-D33D47D9C3E0}"
EndProject
Project("{FAE04EC0-301F-11D3-BF4B-00C04F79EFBC}") = "AlgorithmQuestions-1", "Homework\AlgorithmQuestions-1\AlgorithmQuestions-1.csproj", "{2672FA63-77E6-43A8-BA37-0768877FCFE2}"
EndProject
Project("{FAE04EC0-301F-11D3-BF4B-00C04F79EFBC}") = "StringMethods", "ReadyMethods\StringMethods\StringMethods.csproj", "{881DA8C7-745F-427D-AA3C-DD976284388F}"
EndProject
Project("{FAE04EC0-301F-11D3-BF4B-00C04F79EFBC}") = "DateTimeAndMath", "ReadyMethods\DateTimeAndMath\DateTimeAndMath.csproj", "{9E9424A7-ADAD-42CD-81A6-C1487F9FFF04}"
EndProject
Project("{FAE04EC0-301F-11D3-BF4B-00C04F79EFBC}") = "GenericCollectionsAndList", "Collections\GenericCollectionsAndList\GenericCollectionsAndList.csproj", "{307D2DDE-3BB2-49B5-98D6-E6264584B4A0}"
EndProject
Project("{FAE04EC0-301F-11D3-BF4B-00C04F79EFBC}") = "ArrayList", "Collections\ArrayList\ArrayList.csproj", "{73EFAF50-576B-4E95-AAB8-34A123C2CEBD}"
EndProject
Project("{2150E333-8FDC-42A3-9474-1A3956D46DE8}") = "Collections", "Collections", "{EE75BB3B-0828-4FF8-BD7F-1930CD36BE12}"
EndProject
Project("{FAE04EC0-301F-11D3-BF4B-00C04F79EFBC}") = "Question-1", "Homework\Collections\Question-1\Question-1.csproj", "{99EDC200-F1A0-4FA7-BC05-D126BFDB8304}"
EndProject
Project("{FAE04EC0-301F-11D3-BF4B-00C04F79EFBC}") = "Question-2", "Homework\Collections\Question-2\Question-2.csproj", "{619F179F-449E-4048-BF86-D64BD0DA30A3}"
EndProject
Project("{FAE04EC0-301F-11D3-BF4B-00C04F79EFBC}") = "Question-3", "Homework\Collections\Question-3\Question-3.csproj", "{8CA9A76C-22C4-4EA7-9AF5-656260D40540}"
EndProject
Project("{2150E333-8FDC-42A3-9474-1A3956D46DE8}") = "ClassConcept", "ClassConcept", "{28E6DA17-ED84-402F-B7BB-31F1E2EBC94F}"
EndProject
Project("{FAE04EC0-301F-11D3-BF4B-00C04F79EFBC}") = "ClassDeclaration", "ClassConcept\ClassDeclaration\ClassDeclaration.csproj", "{BD84608D-F68F-4357-9C0B-1FC95E1131CA}"
EndProject
Project("{FAE04EC0-301F-11D3-BF4B-00C04F79EFBC}") = "ConstructorMethods", "ClassConcept\ConstructorMethods\ConstructorMethods.csproj", "{147434B9-FD7A-478F-87D0-A3D7321BA688}"
EndProject
Project("{FAE04EC0-301F-11D3-BF4B-00C04F79EFBC}") = "EncapsulationAndProperty", "ClassConcept\EncapsulationAndProperty\EncapsulationAndProperty.csproj", "{C726FB39-272A-4DBE-9881-3AA3226557D2}"
EndProject
Project("{FAE04EC0-301F-11D3-BF4B-00C04F79EFBC}") = "StaticClassAndMembers", "ClassConcept\StaticClassAndMembers\StaticClassAndMembers.csproj", "{EE69E251-56A1-4F36-9057-9C4DC27148EA}"
EndProject
Project("{FAE04EC0-301F-11D3-BF4B-00C04F79EFBC}") = "StructDeclaration", "ClassConcept\StructDeclaration\StructDeclaration.csproj", "{5B45C517-C20F-49BE-B44E-F5D71816D374}"
EndProject
Project("{FAE04EC0-301F-11D3-BF4B-00C04F79EFBC}") = "EnumDeclaration", "ClassConcept\EnumDeclaration\EnumDeclaration.csproj", "{9A855DAD-375F-487E-964D-DB44E0B81DF0}"
EndProject
Project("{2150E333-8FDC-42A3-9474-1A3956D46DE8}") = "OOP", "OOP", "{D7D3DAC2-EE0D-4230-B02D-2A436C38BD08}"
EndProject
Project("{FAE04EC0-301F-11D3-BF4B-00C04F79EFBC}") = "InheritanceDeclaration", "OOP\InheritanceDeclaration\InheritanceDeclaration.csproj", "{D0ACA7B7-42C5-4D7C-86CC-84C178341082}"
EndProject
Project("{FAE04EC0-301F-11D3-BF4B-00C04F79EFBC}") = "PolymorphismAndSealedClass", "OOP\PolymorphismAndSealedClass\PolymorphismAndSealedClass.csproj", "{B12DE8AA-0BD0-4C7F-B1BB-FDF591A41547}"
EndProject
Project("{FAE04EC0-301F-11D3-BF4B-00C04F79EFBC}") = "Interfaces", "OOP\Interfaces\Interfaces.csproj", "{4D892BB8-1A86-4587-AAB0-EF836029832B}"
EndProject
Project("{FAE04EC0-301F-11D3-BF4B-00C04F79EFBC}") = "InterfacesExample", "OOP\InterfacesExample\InterfacesExample.csproj", "{82E37F12-492A-4B21-9746-50DEDAEB4E8E}"
EndProject
Project("{FAE04EC0-301F-11D3-BF4B-00C04F79EFBC}") = "AbstractExample", "OOP\AbstractExample\AbstractExample.csproj", "{21F701AE-39EF-45E4-9597-210C88DA24EC}"
EndProject
Project("{FAE04EC0-301F-11D3-BF4B-00C04F79EFBC}") = "TelePhoneDirectory", "Homework\TelePhoneDirectory\TelePhoneDirectory.csproj", "{E5164226-F538-46FE-A256-A156FB5FFE82}"
EndProject
Global
	GlobalSection(SolutionConfigurationPlatforms) = preSolution
		Debug|Any CPU = Debug|Any CPU
		Release|Any CPU = Release|Any CPU
	EndGlobalSection
	GlobalSection(SolutionProperties) = preSolution
		HideSolutionNode = FALSE
	EndGlobalSection
	GlobalSection(ProjectConfigurationPlatforms) = postSolution
		{E650834F-4EB0-47C8-B2C4-3D7A26214E83}.Debug|Any CPU.ActiveCfg = Debug|Any CPU
		{E650834F-4EB0-47C8-B2C4-3D7A26214E83}.Debug|Any CPU.Build.0 = Debug|Any CPU
		{E650834F-4EB0-47C8-B2C4-3D7A26214E83}.Release|Any CPU.ActiveCfg = Release|Any CPU
		{E650834F-4EB0-47C8-B2C4-3D7A26214E83}.Release|Any CPU.Build.0 = Release|Any CPU
		{F1869720-AB12-4D7F-9891-F491B2FB997E}.Debug|Any CPU.ActiveCfg = Debug|Any CPU
		{F1869720-AB12-4D7F-9891-F491B2FB997E}.Debug|Any CPU.Build.0 = Debug|Any CPU
		{F1869720-AB12-4D7F-9891-F491B2FB997E}.Release|Any CPU.ActiveCfg = Release|Any CPU
		{F1869720-AB12-4D7F-9891-F491B2FB997E}.Release|Any CPU.Build.0 = Release|Any CPU
		{36FD7B79-22BA-4119-88EC-7D010BEFF932}.Debug|Any CPU.ActiveCfg = Debug|Any CPU
		{36FD7B79-22BA-4119-88EC-7D010BEFF932}.Debug|Any CPU.Build.0 = Debug|Any CPU
		{36FD7B79-22BA-4119-88EC-7D010BEFF932}.Release|Any CPU.ActiveCfg = Release|Any CPU
		{36FD7B79-22BA-4119-88EC-7D010BEFF932}.Release|Any CPU.Build.0 = Release|Any CPU
		{A8FE3B08-7E75-4B9B-8784-19703F65EABF}.Debug|Any CPU.ActiveCfg = Debug|Any CPU
		{A8FE3B08-7E75-4B9B-8784-19703F65EABF}.Debug|Any CPU.Build.0 = Debug|Any CPU
		{A8FE3B08-7E75-4B9B-8784-19703F65EABF}.Release|Any CPU.ActiveCfg = Release|Any CPU
		{A8FE3B08-7E75-4B9B-8784-19703F65EABF}.Release|Any CPU.Build.0 = Release|Any CPU
		{91FC082F-A0DB-400A-AF3A-2EA1FDB7B242}.Debug|Any CPU.ActiveCfg = Debug|Any CPU
		{91FC082F-A0DB-400A-AF3A-2EA1FDB7B242}.Debug|Any CPU.Build.0 = Debug|Any CPU
		{91FC082F-A0DB-400A-AF3A-2EA1FDB7B242}.Release|Any CPU.ActiveCfg = Release|Any CPU
		{91FC082F-A0DB-400A-AF3A-2EA1FDB7B242}.Release|Any CPU.Build.0 = Release|Any CPU
		{B0787126-271A-42F1-8E6B-50A4D41EB38E}.Debug|Any CPU.ActiveCfg = Debug|Any CPU
		{B0787126-271A-42F1-8E6B-50A4D41EB38E}.Debug|Any CPU.Build.0 = Debug|Any CPU
		{B0787126-271A-42F1-8E6B-50A4D41EB38E}.Release|Any CPU.ActiveCfg = Release|Any CPU
		{B0787126-271A-42F1-8E6B-50A4D41EB38E}.Release|Any CPU.Build.0 = Release|Any CPU
		{316367F1-7E77-453E-AFEC-7A5AD121C1CD}.Debug|Any CPU.ActiveCfg = Debug|Any CPU
		{316367F1-7E77-453E-AFEC-7A5AD121C1CD}.Debug|Any CPU.Build.0 = Debug|Any CPU
		{316367F1-7E77-453E-AFEC-7A5AD121C1CD}.Release|Any CPU.ActiveCfg = Release|Any CPU
		{316367F1-7E77-453E-AFEC-7A5AD121C1CD}.Release|Any CPU.Build.0 = Release|Any CPU
		{299EF7F1-289B-4808-8DBB-A85D31DA33A2}.Debug|Any CPU.ActiveCfg = Debug|Any CPU
		{299EF7F1-289B-4808-8DBB-A85D31DA33A2}.Debug|Any CPU.Build.0 = Debug|Any CPU
		{299EF7F1-289B-4808-8DBB-A85D31DA33A2}.Release|Any CPU.ActiveCfg = Release|Any CPU
		{299EF7F1-289B-4808-8DBB-A85D31DA33A2}.Release|Any CPU.Build.0 = Release|Any CPU
		{22D984F6-BCD2-48B6-B834-623E5E3AF88D}.Debug|Any CPU.ActiveCfg = Debug|Any CPU
		{22D984F6-BCD2-48B6-B834-623E5E3AF88D}.Debug|Any CPU.Build.0 = Debug|Any CPU
		{22D984F6-BCD2-48B6-B834-623E5E3AF88D}.Release|Any CPU.ActiveCfg = Release|Any CPU
		{22D984F6-BCD2-48B6-B834-623E5E3AF88D}.Release|Any CPU.Build.0 = Release|Any CPU
		{0F9A22C1-E7D1-4779-86CC-19A67C815163}.Debug|Any CPU.ActiveCfg = Debug|Any CPU
		{0F9A22C1-E7D1-4779-86CC-19A67C815163}.Debug|Any CPU.Build.0 = Debug|Any CPU
		{0F9A22C1-E7D1-4779-86CC-19A67C815163}.Release|Any CPU.ActiveCfg = Release|Any CPU
		{0F9A22C1-E7D1-4779-86CC-19A67C815163}.Release|Any CPU.Build.0 = Release|Any CPU
		{DC8DF8E2-B53E-47DC-A224-9CD9E03E2953}.Debug|Any CPU.ActiveCfg = Debug|Any CPU
		{DC8DF8E2-B53E-47DC-A224-9CD9E03E2953}.Debug|Any CPU.Build.0 = Debug|Any CPU
		{DC8DF8E2-B53E-47DC-A224-9CD9E03E2953}.Release|Any CPU.ActiveCfg = Release|Any CPU
		{DC8DF8E2-B53E-47DC-A224-9CD9E03E2953}.Release|Any CPU.Build.0 = Release|Any CPU
		{7C559482-CB64-49F4-9AB8-2AA97025F723}.Debug|Any CPU.ActiveCfg = Debug|Any CPU
		{7C559482-CB64-49F4-9AB8-2AA97025F723}.Debug|Any CPU.Build.0 = Debug|Any CPU
		{7C559482-CB64-49F4-9AB8-2AA97025F723}.Release|Any CPU.ActiveCfg = Release|Any CPU
		{7C559482-CB64-49F4-9AB8-2AA97025F723}.Release|Any CPU.Build.0 = Release|Any CPU
		{15AE5B2F-F293-4B21-AA05-499781BC757D}.Debug|Any CPU.ActiveCfg = Debug|Any CPU
		{15AE5B2F-F293-4B21-AA05-499781BC757D}.Debug|Any CPU.Build.0 = Debug|Any CPU
		{15AE5B2F-F293-4B21-AA05-499781BC757D}.Release|Any CPU.ActiveCfg = Release|Any CPU
		{15AE5B2F-F293-4B21-AA05-499781BC757D}.Release|Any CPU.Build.0 = Release|Any CPU
		{2672FA63-77E6-43A8-BA37-0768877FCFE2}.Debug|Any CPU.ActiveCfg = Debug|Any CPU
		{2672FA63-77E6-43A8-BA37-0768877FCFE2}.Debug|Any CPU.Build.0 = Debug|Any CPU
		{2672FA63-77E6-43A8-BA37-0768877FCFE2}.Release|Any CPU.ActiveCfg = Release|Any CPU
		{2672FA63-77E6-43A8-BA37-0768877FCFE2}.Release|Any CPU.Build.0 = Release|Any CPU
		{881DA8C7-745F-427D-AA3C-DD976284388F}.Debug|Any CPU.ActiveCfg = Debug|Any CPU
		{881DA8C7-745F-427D-AA3C-DD976284388F}.Debug|Any CPU.Build.0 = Debug|Any CPU
		{881DA8C7-745F-427D-AA3C-DD976284388F}.Release|Any CPU.ActiveCfg = Release|Any CPU
		{881DA8C7-745F-427D-AA3C-DD976284388F}.Release|Any CPU.Build.0 = Release|Any CPU
		{9E9424A7-ADAD-42CD-81A6-C1487F9FFF04}.Debug|Any CPU.ActiveCfg = Debug|Any CPU
		{9E9424A7-ADAD-42CD-81A6-C1487F9FFF04}.Debug|Any CPU.Build.0 = Debug|Any CPU
		{9E9424A7-ADAD-42CD-81A6-C1487F9FFF04}.Release|Any CPU.ActiveCfg = Release|Any CPU
		{9E9424A7-ADAD-42CD-81A6-C1487F9FFF04}.Release|Any CPU.Build.0 = Release|Any CPU
		{307D2DDE-3BB2-49B5-98D6-E6264584B4A0}.Debug|Any CPU.ActiveCfg = Debug|Any CPU
		{307D2DDE-3BB2-49B5-98D6-E6264584B4A0}.Debug|Any CPU.Build.0 = Debug|Any CPU
		{307D2DDE-3BB2-49B5-98D6-E6264584B4A0}.Release|Any CPU.ActiveCfg = Release|Any CPU
		{307D2DDE-3BB2-49B5-98D6-E6264584B4A0}.Release|Any CPU.Build.0 = Release|Any CPU
		{73EFAF50-576B-4E95-AAB8-34A123C2CEBD}.Debug|Any CPU.ActiveCfg = Debug|Any CPU
		{73EFAF50-576B-4E95-AAB8-34A123C2CEBD}.Debug|Any CPU.Build.0 = Debug|Any CPU
		{73EFAF50-576B-4E95-AAB8-34A123C2CEBD}.Release|Any CPU.ActiveCfg = Release|Any CPU
		{73EFAF50-576B-4E95-AAB8-34A123C2CEBD}.Release|Any CPU.Build.0 = Release|Any CPU
		{99EDC200-F1A0-4FA7-BC05-D126BFDB8304}.Debug|Any CPU.ActiveCfg = Debug|Any CPU
		{99EDC200-F1A0-4FA7-BC05-D126BFDB8304}.Debug|Any CPU.Build.0 = Debug|Any CPU
		{99EDC200-F1A0-4FA7-BC05-D126BFDB8304}.Release|Any CPU.ActiveCfg = Release|Any CPU
		{99EDC200-F1A0-4FA7-BC05-D126BFDB8304}.Release|Any CPU.Build.0 = Release|Any CPU
		{619F179F-449E-4048-BF86-D64BD0DA30A3}.Debug|Any CPU.ActiveCfg = Debug|Any CPU
		{619F179F-449E-4048-BF86-D64BD0DA30A3}.Debug|Any CPU.Build.0 = Debug|Any CPU
		{619F179F-449E-4048-BF86-D64BD0DA30A3}.Release|Any CPU.ActiveCfg = Release|Any CPU
		{619F179F-449E-4048-BF86-D64BD0DA30A3}.Release|Any CPU.Build.0 = Release|Any CPU
		{8CA9A76C-22C4-4EA7-9AF5-656260D40540}.Debug|Any CPU.ActiveCfg = Debug|Any CPU
		{8CA9A76C-22C4-4EA7-9AF5-656260D40540}.Debug|Any CPU.Build.0 = Debug|Any CPU
		{8CA9A76C-22C4-4EA7-9AF5-656260D40540}.Release|Any CPU.ActiveCfg = Release|Any CPU
		{8CA9A76C-22C4-4EA7-9AF5-656260D40540}.Release|Any CPU.Build.0 = Release|Any CPU
		{BD84608D-F68F-4357-9C0B-1FC95E1131CA}.Debug|Any CPU.ActiveCfg = Debug|Any CPU
		{BD84608D-F68F-4357-9C0B-1FC95E1131CA}.Debug|Any CPU.Build.0 = Debug|Any CPU
		{BD84608D-F68F-4357-9C0B-1FC95E1131CA}.Release|Any CPU.ActiveCfg = Release|Any CPU
		{BD84608D-F68F-4357-9C0B-1FC95E1131CA}.Release|Any CPU.Build.0 = Release|Any CPU
		{147434B9-FD7A-478F-87D0-A3D7321BA688}.Debug|Any CPU.ActiveCfg = Debug|Any CPU
		{147434B9-FD7A-478F-87D0-A3D7321BA688}.Debug|Any CPU.Build.0 = Debug|Any CPU
		{147434B9-FD7A-478F-87D0-A3D7321BA688}.Release|Any CPU.ActiveCfg = Release|Any CPU
		{147434B9-FD7A-478F-87D0-A3D7321BA688}.Release|Any CPU.Build.0 = Release|Any CPU
		{C726FB39-272A-4DBE-9881-3AA3226557D2}.Debug|Any CPU.ActiveCfg = Debug|Any CPU
		{C726FB39-272A-4DBE-9881-3AA3226557D2}.Debug|Any CPU.Build.0 = Debug|Any CPU
		{C726FB39-272A-4DBE-9881-3AA3226557D2}.Release|Any CPU.ActiveCfg = Release|Any CPU
		{C726FB39-272A-4DBE-9881-3AA3226557D2}.Release|Any CPU.Build.0 = Release|Any CPU
		{EE69E251-56A1-4F36-9057-9C4DC27148EA}.Debug|Any CPU.ActiveCfg = Debug|Any CPU
		{EE69E251-56A1-4F36-9057-9C4DC27148EA}.Debug|Any CPU.Build.0 = Debug|Any CPU
		{EE69E251-56A1-4F36-9057-9C4DC27148EA}.Release|Any CPU.ActiveCfg = Release|Any CPU
		{EE69E251-56A1-4F36-9057-9C4DC27148EA}.Release|Any CPU.Build.0 = Release|Any CPU
		{5B45C517-C20F-49BE-B44E-F5D71816D374}.Debug|Any CPU.ActiveCfg = Debug|Any CPU
		{5B45C517-C20F-49BE-B44E-F5D71816D374}.Debug|Any CPU.Build.0 = Debug|Any CPU
		{5B45C517-C20F-49BE-B44E-F5D71816D374}.Release|Any CPU.ActiveCfg = Release|Any CPU
		{5B45C517-C20F-49BE-B44E-F5D71816D374}.Release|Any CPU.Build.0 = Release|Any CPU
		{9A855DAD-375F-487E-964D-DB44E0B81DF0}.Debug|Any CPU.ActiveCfg = Debug|Any CPU
		{9A855DAD-375F-487E-964D-DB44E0B81DF0}.Debug|Any CPU.Build.0 = Debug|Any CPU
		{9A855DAD-375F-487E-964D-DB44E0B81DF0}.Release|Any CPU.ActiveCfg = Release|Any CPU
		{9A855DAD-375F-487E-964D-DB44E0B81DF0}.Release|Any CPU.Build.0 = Release|Any CPU
		{D0ACA7B7-42C5-4D7C-86CC-84C178341082}.Debug|Any CPU.ActiveCfg = Debug|Any CPU
		{D0ACA7B7-42C5-4D7C-86CC-84C178341082}.Debug|Any CPU.Build.0 = Debug|Any CPU
		{D0ACA7B7-42C5-4D7C-86CC-84C178341082}.Release|Any CPU.ActiveCfg = Release|Any CPU
		{D0ACA7B7-42C5-4D7C-86CC-84C178341082}.Release|Any CPU.Build.0 = Release|Any CPU
		{B12DE8AA-0BD0-4C7F-B1BB-FDF591A41547}.Debug|Any CPU.ActiveCfg = Debug|Any CPU
		{B12DE8AA-0BD0-4C7F-B1BB-FDF591A41547}.Debug|Any CPU.Build.0 = Debug|Any CPU
		{B12DE8AA-0BD0-4C7F-B1BB-FDF591A41547}.Release|Any CPU.ActiveCfg = Release|Any CPU
		{B12DE8AA-0BD0-4C7F-B1BB-FDF591A41547}.Release|Any CPU.Build.0 = Release|Any CPU
		{4D892BB8-1A86-4587-AAB0-EF836029832B}.Debug|Any CPU.ActiveCfg = Debug|Any CPU
		{4D892BB8-1A86-4587-AAB0-EF836029832B}.Debug|Any CPU.Build.0 = Debug|Any CPU
		{4D892BB8-1A86-4587-AAB0-EF836029832B}.Release|Any CPU.ActiveCfg = Release|Any CPU
		{4D892BB8-1A86-4587-AAB0-EF836029832B}.Release|Any CPU.Build.0 = Release|Any CPU
		{82E37F12-492A-4B21-9746-50DEDAEB4E8E}.Debug|Any CPU.ActiveCfg = Debug|Any CPU
		{82E37F12-492A-4B21-9746-50DEDAEB4E8E}.Debug|Any CPU.Build.0 = Debug|Any CPU
		{82E37F12-492A-4B21-9746-50DEDAEB4E8E}.Release|Any CPU.ActiveCfg = Release|Any CPU
		{82E37F12-492A-4B21-9746-50DEDAEB4E8E}.Release|Any CPU.Build.0 = Release|Any CPU
		{21F701AE-39EF-45E4-9597-210C88DA24EC}.Debug|Any CPU.ActiveCfg = Debug|Any CPU
		{21F701AE-39EF-45E4-9597-210C88DA24EC}.Debug|Any CPU.Build.0 = Debug|Any CPU
		{21F701AE-39EF-45E4-9597-210C88DA24EC}.Release|Any CPU.ActiveCfg = Release|Any CPU
		{21F701AE-39EF-45E4-9597-210C88DA24EC}.Release|Any CPU.Build.0 = Release|Any CPU
		{E5164226-F538-46FE-A256-A156FB5FFE82}.Debug|Any CPU.ActiveCfg = Debug|Any CPU
		{E5164226-F538-46FE-A256-A156FB5FFE82}.Debug|Any CPU.Build.0 = Debug|Any CPU
		{E5164226-F538-46FE-A256-A156FB5FFE82}.Release|Any CPU.ActiveCfg = Release|Any CPU
		{E5164226-F538-46FE-A256-A156FB5FFE82}.Release|Any CPU.Build.0 = Release|Any CPU
	EndGlobalSection
	GlobalSection(NestedProjects) = preSolution
		{2672FA63-77E6-43A8-BA37-0768877FCFE2} = {C7266F78-433B-40A5-A11D-D33D47D9C3E0}
		{EE75BB3B-0828-4FF8-BD7F-1930CD36BE12} = {C7266F78-433B-40A5-A11D-D33D47D9C3E0}
		{99EDC200-F1A0-4FA7-BC05-D126BFDB8304} = {EE75BB3B-0828-4FF8-BD7F-1930CD36BE12}
		{619F179F-449E-4048-BF86-D64BD0DA30A3} = {EE75BB3B-0828-4FF8-BD7F-1930CD36BE12}
		{8CA9A76C-22C4-4EA7-9AF5-656260D40540} = {EE75BB3B-0828-4FF8-BD7F-1930CD36BE12}
		{BD84608D-F68F-4357-9C0B-1FC95E1131CA} = {28E6DA17-ED84-402F-B7BB-31F1E2EBC94F}
		{147434B9-FD7A-478F-87D0-A3D7321BA688} = {28E6DA17-ED84-402F-B7BB-31F1E2EBC94F}
		{C726FB39-272A-4DBE-9881-3AA3226557D2} = {28E6DA17-ED84-402F-B7BB-31F1E2EBC94F}
		{EE69E251-56A1-4F36-9057-9C4DC27148EA} = {28E6DA17-ED84-402F-B7BB-31F1E2EBC94F}
		{5B45C517-C20F-49BE-B44E-F5D71816D374} = {28E6DA17-ED84-402F-B7BB-31F1E2EBC94F}
		{9A855DAD-375F-487E-964D-DB44E0B81DF0} = {28E6DA17-ED84-402F-B7BB-31F1E2EBC94F}
		{D0ACA7B7-42C5-4D7C-86CC-84C178341082} = {D7D3DAC2-EE0D-4230-B02D-2A436C38BD08}
		{B12DE8AA-0BD0-4C7F-B1BB-FDF591A41547} = {D7D3DAC2-EE0D-4230-B02D-2A436C38BD08}
		{4D892BB8-1A86-4587-AAB0-EF836029832B} = {D7D3DAC2-EE0D-4230-B02D-2A436C38BD08}
		{82E37F12-492A-4B21-9746-50DEDAEB4E8E} = {D7D3DAC2-EE0D-4230-B02D-2A436C38BD08}
		{21F701AE-39EF-45E4-9597-210C88DA24EC} = {D7D3DAC2-EE0D-4230-B02D-2A436C38BD08}
		{E5164226-F538-46FE-A256-A156FB5FFE82} = {C7266F78-433B-40A5-A11D-D33D47D9C3E0}
	EndGlobalSection
EndGlobal
