
Microsoft Visual Studio Solution File, Format Version 12.00
# Visual Studio Version 17
VisualStudioVersion = 17.0.31903.59
MinimumVisualStudioVersion = 10.0.40219.1
Project("{FAE04EC0-301F-11D3-BF4B-00C04F79EFBC}") = "VariablesAndDataTypes", "VariablesAndDataTypes\VariablesAndDataTypes.csproj", "{E650834F-4EB0-47C8-B2C4-3D7A26214E83}"
EndProject
Project("{FAE04EC0-301F-11D3-BF4B-00C04F79EFBC}") = "Operators", "Operators\Operators.csproj", "{F1869720-AB12-4D7F-9891-F491B2FB997E}"
EndProject
Project("{FAE04EC0-301F-11D3-BF4B-00C04F79EFBC}") = "TypeConversions", "TypeConversions\TypeConversions.csproj", "{36FD7B79-22BA-4119-88EC-7D010BEFF932}"
EndProject
Project("{FAE04EC0-301F-11D3-BF4B-00C04F79EFBC}") = "TryCatchFinallyAndLogicalFallacies", "TryCatchFinallyAndLogicalFallacies\TryCatchFinallyAndLogicalFallacies.csproj", "{A8FE3B08-7E75-4B9B-8784-19703F65EABF}"
EndProject
Project("{FAE04EC0-301F-11D3-BF4B-00C04F79EFBC}") = "IfElseStructureAndTernaryIf", "DecisionStructures\IfElseStructureAndTernaryIf\IfElseStructureAndTernaryIf.csproj", "{91FC082F-A0DB-400A-AF3A-2EA1FDB7B242}"
EndProject
Project("{FAE04EC0-301F-11D3-BF4B-00C04F79EFBC}") = "SwitchCase", "DecisionStructures\SwitchCase\SwitchCase.csproj", "{B0787126-271A-42F1-8E6B-50A4D41EB38E}"
EndProject
Project("{FAE04EC0-301F-11D3-BF4B-00C04F79EFBC}") = "ForLoopAndBreakContinue", "Loops\ForLoopAndBreakContinue\ForLoopAndBreakContinue.csproj", "{316367F1-7E77-453E-AFEC-7A5AD121C1CD}"
EndProject
Project("{FAE04EC0-301F-11D3-BF4B-00C04F79EFBC}") = "WhileAndForEach", "Loops\WhileAndForEach\WhileAndForEach.csproj", "{299EF7F1-289B-4808-8DBB-A85D31DA33A2}"
EndProject
Project("{FAE04EC0-301F-11D3-BF4B-00C04F79EFBC}") = "ArrayDeclaration", "Arrays/ArrayDeclaration\ArrayDeclaration.csproj", "{22D984F6-BCD2-48B6-B834-623E5E3AF88D}"
EndProject
Project("{FAE04EC0-301F-11D3-BF4B-00C04F79EFBC}") = "ArrayClassMethods", "Arrays/ArrayClassMethods\ArrayClassMethods.csproj", "{0F9A22C1-E7D1-4779-86CC-19A67C815163}"
EndProject
Project("{FAE04EC0-301F-11D3-BF4B-00C04F79EFBC}") = "MethodDeclaration", "Methods/MethodDeclaration\MethodDeclaration.csproj", "{DC8DF8E2-B53E-47DC-A224-9CD9E03E2953}"
EndProject
Project("{FAE04EC0-301F-11D3-BF4B-00C04F79EFBC}") = "MethodOverloading", "Methods/MethodOverloading\MethodOverloading.csproj", "{7C559482-CB64-49F4-9AB8-2AA97025F723}"
EndProject
Project("{FAE04EC0-301F-11D3-BF4B-00C04F79EFBC}") = "ExtensionAndRecursiveMethods", "Methods/ExtensionAndRecursiveMethods\ExtensionAndRecursiveMethods.csproj", "{15AE5B2F-F293-4B21-AA05-499781BC757D}"
EndProject
Project("{2150E333-8FDC-42A3-9474-1A3956D46DE8}") = "Homework", "Homework", "{C7266F78-433B-40A5-A11D-D33D47D9C3E0}"
EndProject
Project("{FAE04EC0-301F-11D3-BF4B-00C04F79EFBC}") = "AlgorithmQuestions-1", "Homework\AlgorithmQuestions-1\AlgorithmQuestions-1.csproj", "{2672FA63-77E6-43A8-BA37-0768877FCFE2}"
EndProject
Project("{FAE04EC0-301F-11D3-BF4B-00C04F79EFBC}") = "StringMethods", "ReadyMethods/StringMethods\StringMethods.csproj", "{881DA8C7-745F-427D-AA3C-DD976284388F}"
EndProject
Project("{FAE04EC0-301F-11D3-BF4B-00C04F79EFBC}") = "DateTimeAndMath", "ReadyMethods/DateTimeAndMath\DateTimeAndMath.csproj", "{9E9424A7-ADAD-42CD-81A6-C1487F9FFF04}"
EndProject
Project("{FAE04EC0-301F-11D3-BF4B-00C04F79EFBC}") = "GenericCollectionsAndList", "Collections/GenericCollectionsAndList\GenericCollectionsAndList.csproj", "{307D2DDE-3BB2-49B5-98D6-E6264584B4A0}"
EndProject
Project("{FAE04EC0-301F-11D3-BF4B-00C04F79EFBC}") = "ArrayList", "Collections/ArrayList\ArrayList.csproj", "{73EFAF50-576B-4E95-AAB8-34A123C2CEBD}"
EndProject
Project("{2150E333-8FDC-42A3-9474-1A3956D46DE8}") = "Collections", "Collections", "{EE75BB3B-0828-4FF8-BD7F-1930CD36BE12}"
EndProject
Project("{FAE04EC0-301F-11D3-BF4B-00C04F79EFBC}") = "Question-1", "Homework\Collections\Question-1\Question-1.csproj", "{99EDC200-F1A0-4FA7-BC05-D126BFDB8304}"
EndProject
Project("{FAE04EC0-301F-11D3-BF4B-00C04F79EFBC}") = "Question-2", "Homework\Collections\Question-2\Question-2.csproj", "{619F179F-449E-4048-BF86-D64BD0DA30A3}"
EndProject
Project("{FAE04EC0-301F-11D3-BF4B-00C04F79EFBC}") = "Question-3", "Homework\Collections\Question-3\Question-3.csproj", "{8CA9A76C-22C4-4EA7-9AF5-656260D40540}"
EndProject
Global
	GlobalSection(SolutionConfigurationPlatforms) = preSolution
		Debug|Any CPU = Debug|Any CPU
		Release|Any CPU = Release|Any CPU
	EndGlobalSection
	GlobalSection(SolutionProperties) = preSolution
		HideSolutionNode = FALSE
	EndGlobalSection
	GlobalSection(ProjectConfigurationPlatforms) = postSolution
		{E650834F-4EB0-47C8-B2C4-3D7A26214E83}.Debug|Any CPU.ActiveCfg = Debug|Any CPU
		{E650834F-4EB0-47C8-B2C4-3D7A26214E83}.Debug|Any CPU.Build.0 = Debug|Any CPU
		{E650834F-4EB0-47C8-B2C4-3D7A26214E83}.Release|Any CPU.ActiveCfg = Release|Any CPU
		{E650834F-4EB0-47C8-B2C4-3D7A26214E83}.Release|Any CPU.Build.0 = Release|Any CPU
		{F1869720-AB12-4D7F-9891-F491B2FB997E}.Debug|Any CPU.ActiveCfg = Debug|Any CPU
		{F1869720-AB12-4D7F-9891-F491B2FB997E}.Debug|Any CPU.Build.0 = Debug|Any CPU
		{F1869720-AB12-4D7F-9891-F491B2FB997E}.Release|Any CPU.ActiveCfg = Release|Any CPU
		{F1869720-AB12-4D7F-9891-F491B2FB997E}.Release|Any CPU.Build.0 = Release|Any CPU
		{36FD7B79-22BA-4119-88EC-7D010BEFF932}.Debug|Any CPU.ActiveCfg = Debug|Any CPU
		{36FD7B79-22BA-4119-88EC-7D010BEFF932}.Debug|Any CPU.Build.0 = Debug|Any CPU
		{36FD7B79-22BA-4119-88EC-7D010BEFF932}.Release|Any CPU.ActiveCfg = Release|Any CPU
		{36FD7B79-22BA-4119-88EC-7D010BEFF932}.Release|Any CPU.Build.0 = Release|Any CPU
		{A8FE3B08-7E75-4B9B-8784-19703F65EABF}.Debug|Any CPU.ActiveCfg = Debug|Any CPU
		{A8FE3B08-7E75-4B9B-8784-19703F65EABF}.Debug|Any CPU.Build.0 = Debug|Any CPU
		{A8FE3B08-7E75-4B9B-8784-19703F65EABF}.Release|Any CPU.ActiveCfg = Release|Any CPU
		{A8FE3B08-7E75-4B9B-8784-19703F65EABF}.Release|Any CPU.Build.0 = Release|Any CPU
		{91FC082F-A0DB-400A-AF3A-2EA1FDB7B242}.Debug|Any CPU.ActiveCfg = Debug|Any CPU
		{91FC082F-A0DB-400A-AF3A-2EA1FDB7B242}.Debug|Any CPU.Build.0 = Debug|Any CPU
		{91FC082F-A0DB-400A-AF3A-2EA1FDB7B242}.Release|Any CPU.ActiveCfg = Release|Any CPU
		{91FC082F-A0DB-400A-AF3A-2EA1FDB7B242}.Release|Any CPU.Build.0 = Release|Any CPU
		{B0787126-271A-42F1-8E6B-50A4D41EB38E}.Debug|Any CPU.ActiveCfg = Debug|Any CPU
		{B0787126-271A-42F1-8E6B-50A4D41EB38E}.Debug|Any CPU.Build.0 = Debug|Any CPU
		{B0787126-271A-42F1-8E6B-50A4D41EB38E}.Release|Any CPU.ActiveCfg = Release|Any CPU
		{B0787126-271A-42F1-8E6B-50A4D41EB38E}.Release|Any CPU.Build.0 = Release|Any CPU
		{316367F1-7E77-453E-AFEC-7A5AD121C1CD}.Debug|Any CPU.ActiveCfg = Debug|Any CPU
		{316367F1-7E77-453E-AFEC-7A5AD121C1CD}.Debug|Any CPU.Build.0 = Debug|Any CPU
		{316367F1-7E77-453E-AFEC-7A5AD121C1CD}.Release|Any CPU.ActiveCfg = Release|Any CPU
		{316367F1-7E77-453E-AFEC-7A5AD121C1CD}.Release|Any CPU.Build.0 = Release|Any CPU
		{299EF7F1-289B-4808-8DBB-A85D31DA33A2}.Debug|Any CPU.ActiveCfg = Debug|Any CPU
		{299EF7F1-289B-4808-8DBB-A85D31DA33A2}.Debug|Any CPU.Build.0 = Debug|Any CPU
		{299EF7F1-289B-4808-8DBB-A85D31DA33A2}.Release|Any CPU.ActiveCfg = Release|Any CPU
		{299EF7F1-289B-4808-8DBB-A85D31DA33A2}.Release|Any CPU.Build.0 = Release|Any CPU
		{22D984F6-BCD2-48B6-B834-623E5E3AF88D}.Debug|Any CPU.ActiveCfg = Debug|Any CPU
		{22D984F6-BCD2-48B6-B834-623E5E3AF88D}.Debug|Any CPU.Build.0 = Debug|Any CPU
		{22D984F6-BCD2-48B6-B834-623E5E3AF88D}.Release|Any CPU.ActiveCfg = Release|Any CPU
		{22D984F6-BCD2-48B6-B834-623E5E3AF88D}.Release|Any CPU.Build.0 = Release|Any CPU
		{0F9A22C1-E7D1-4779-86CC-19A67C815163}.Debug|Any CPU.ActiveCfg = Debug|Any CPU
		{0F9A22C1-E7D1-4779-86CC-19A67C815163}.Debug|Any CPU.Build.0 = Debug|Any CPU
		{0F9A22C1-E7D1-4779-86CC-19A67C815163}.Release|Any CPU.ActiveCfg = Release|Any CPU
		{0F9A22C1-E7D1-4779-86CC-19A67C815163}.Release|Any CPU.Build.0 = Release|Any CPU
		{DC8DF8E2-B53E-47DC-A224-9CD9E03E2953}.Debug|Any CPU.ActiveCfg = Debug|Any CPU
		{DC8DF8E2-B53E-47DC-A224-9CD9E03E2953}.Debug|Any CPU.Build.0 = Debug|Any CPU
		{DC8DF8E2-B53E-47DC-A224-9CD9E03E2953}.Release|Any CPU.ActiveCfg = Release|Any CPU
		{DC8DF8E2-B53E-47DC-A224-9CD9E03E2953}.Release|Any CPU.Build.0 = Release|Any CPU
		{7C559482-CB64-49F4-9AB8-2AA97025F723}.Debug|Any CPU.ActiveCfg = Debug|Any CPU
		{7C559482-CB64-49F4-9AB8-2AA97025F723}.Debug|Any CPU.Build.0 = Debug|Any CPU
		{7C559482-CB64-49F4-9AB8-2AA97025F723}.Release|Any CPU.ActiveCfg = Release|Any CPU
		{7C559482-CB64-49F4-9AB8-2AA97025F723}.Release|Any CPU.Build.0 = Release|Any CPU
		{15AE5B2F-F293-4B21-AA05-499781BC757D}.Debug|Any CPU.ActiveCfg = Debug|Any CPU
		{15AE5B2F-F293-4B21-AA05-499781BC757D}.Debug|Any CPU.Build.0 = Debug|Any CPU
		{15AE5B2F-F293-4B21-AA05-499781BC757D}.Release|Any CPU.ActiveCfg = Release|Any CPU
		{15AE5B2F-F293-4B21-AA05-499781BC757D}.Release|Any CPU.Build.0 = Release|Any CPU
		{2672FA63-77E6-43A8-BA37-0768877FCFE2}.Debug|Any CPU.ActiveCfg = Debug|Any CPU
		{2672FA63-77E6-43A8-BA37-0768877FCFE2}.Debug|Any CPU.Build.0 = Debug|Any CPU
		{2672FA63-77E6-43A8-BA37-0768877FCFE2}.Release|Any CPU.ActiveCfg = Release|Any CPU
		{2672FA63-77E6-43A8-BA37-0768877FCFE2}.Release|Any CPU.Build.0 = Release|Any CPU
		{881DA8C7-745F-427D-AA3C-DD976284388F}.Debug|Any CPU.ActiveCfg = Debug|Any CPU
		{881DA8C7-745F-427D-AA3C-DD976284388F}.Debug|Any CPU.Build.0 = Debug|Any CPU
		{881DA8C7-745F-427D-AA3C-DD976284388F}.Release|Any CPU.ActiveCfg = Release|Any CPU
		{881DA8C7-745F-427D-AA3C-DD976284388F}.Release|Any CPU.Build.0 = Release|Any CPU
		{9E9424A7-ADAD-42CD-81A6-C1487F9FFF04}.Debug|Any CPU.ActiveCfg = Debug|Any CPU
		{9E9424A7-ADAD-42CD-81A6-C1487F9FFF04}.Debug|Any CPU.Build.0 = Debug|Any CPU
		{9E9424A7-ADAD-42CD-81A6-C1487F9FFF04}.Release|Any CPU.ActiveCfg = Release|Any CPU
		{9E9424A7-ADAD-42CD-81A6-C1487F9FFF04}.Release|Any CPU.Build.0 = Release|Any CPU
		{307D2DDE-3BB2-49B5-98D6-E6264584B4A0}.Debug|Any CPU.ActiveCfg = Debug|Any CPU
		{307D2DDE-3BB2-49B5-98D6-E6264584B4A0}.Debug|Any CPU.Build.0 = Debug|Any CPU
		{307D2DDE-3BB2-49B5-98D6-E6264584B4A0}.Release|Any CPU.ActiveCfg = Release|Any CPU
		{307D2DDE-3BB2-49B5-98D6-E6264584B4A0}.Release|Any CPU.Build.0 = Release|Any CPU
		{73EFAF50-576B-4E95-AAB8-34A123C2CEBD}.Debug|Any CPU.ActiveCfg = Debug|Any CPU
		{73EFAF50-576B-4E95-AAB8-34A123C2CEBD}.Debug|Any CPU.Build.0 = Debug|Any CPU
		{73EFAF50-576B-4E95-AAB8-34A123C2CEBD}.Release|Any CPU.ActiveCfg = Release|Any CPU
		{73EFAF50-576B-4E95-AAB8-34A123C2CEBD}.Release|Any CPU.Build.0 = Release|Any CPU
		{99EDC200-F1A0-4FA7-BC05-D126BFDB8304}.Debug|Any CPU.ActiveCfg = Debug|Any CPU
		{99EDC200-F1A0-4FA7-BC05-D126BFDB8304}.Debug|Any CPU.Build.0 = Debug|Any CPU
		{99EDC200-F1A0-4FA7-BC05-D126BFDB8304}.Release|Any CPU.ActiveCfg = Release|Any CPU
		{99EDC200-F1A0-4FA7-BC05-D126BFDB8304}.Release|Any CPU.Build.0 = Release|Any CPU
		{619F179F-449E-4048-BF86-D64BD0DA30A3}.Debug|Any CPU.ActiveCfg = Debug|Any CPU
		{619F179F-449E-4048-BF86-D64BD0DA30A3}.Debug|Any CPU.Build.0 = Debug|Any CPU
		{619F179F-449E-4048-BF86-D64BD0DA30A3}.Release|Any CPU.ActiveCfg = Release|Any CPU
		{619F179F-449E-4048-BF86-D64BD0DA30A3}.Release|Any CPU.Build.0 = Release|Any CPU
		{8CA9A76C-22C4-4EA7-9AF5-656260D40540}.Debug|Any CPU.ActiveCfg = Debug|Any CPU
		{8CA9A76C-22C4-4EA7-9AF5-656260D40540}.Debug|Any CPU.Build.0 = Debug|Any CPU
		{8CA9A76C-22C4-4EA7-9AF5-656260D40540}.Release|Any CPU.ActiveCfg = Release|Any CPU
		{8CA9A76C-22C4-4EA7-9AF5-656260D40540}.Release|Any CPU.Build.0 = Release|Any CPU
	EndGlobalSection
	GlobalSection(NestedProjects) = preSolution
		{2672FA63-77E6-43A8-BA37-0768877FCFE2} = {C7266F78-433B-40A5-A11D-D33D47D9C3E0}
		{EE75BB3B-0828-4FF8-BD7F-1930CD36BE12} = {C7266F78-433B-40A5-A11D-D33D47D9C3E0}
		{99EDC200-F1A0-4FA7-BC05-D126BFDB8304} = {EE75BB3B-0828-4FF8-BD7F-1930CD36BE12}
		{619F179F-449E-4048-BF86-D64BD0DA30A3} = {EE75BB3B-0828-4FF8-BD7F-1930CD36BE12}
		{8CA9A76C-22C4-4EA7-9AF5-656260D40540} = {EE75BB3B-0828-4FF8-BD7F-1930CD36BE12}
	EndGlobalSection
EndGlobal
