
Microsoft Visual Studio Solution File, Format Version 12.00
# Visual Studio Version 17
VisualStudioVersion = 17.0.31903.59
MinimumVisualStudioVersion = 10.0.40219.1
Project("{2150E333-8FDC-42A3-9474-1A3956D46DE8}") = "EasyLevel", "EasyLevel", "{23FA07B0-1E03-444D-8B03-7AA91B2A2A15}"
EndProject
Project("{FAE04EC0-301F-11D3-BF4B-00C04F79EFBC}") = "AverageCalculation", "EasyLevel\AverageCalculation\AverageCalculation.csproj", "{B781934C-62D7-4946-B345-58E6B3DE1F98}"
EndProject
Project("{FAE04EC0-301F-11D3-BF4B-00C04F79EFBC}") = "TriangleDrawing", "EasyLevel\TriangleDrawing\TriangleDrawing.csproj", "{424EE9A2-9B70-48E8-9749-3243FD797F5E}"
EndProject
Project("{FAE04EC0-301F-11D3-BF4B-00C04F79EFBC}") = "CircleDrawing", "EasyLevel\CircleDrawing\CircleDrawing.csproj", "{FA748D4C-1257-406B-A436-2DA32FD180DE}"
EndProject
Project("{FAE04EC0-301F-11D3-BF4B-00C04F79EFBC}") = "ExtractAndPrint", "EasyLevel\ExtractAndPrint\ExtractAndPrint.csproj", "{32FCCDC2-72CB-4E55-A54C-247BD762971E}"
EndProject
Project("{FAE04EC0-301F-11D3-BF4B-00C04F79EFBC}") = "CharacterReversePrint", "EasyLevel\CharacterReversePrint\CharacterReversePrint.csproj", "{B7463463-6EF7-49D8-91DF-AA6B996FE0EF}"
EndProject
Project("{2150E333-8FDC-42A3-9474-1A3956D46DE8}") = "IntermediateLevel", "IntermediateLevel", "{FFBA927B-D7EC-4877-AFD1-187D177F0613}"
EndProject
Project("{FAE04EC0-301F-11D3-BF4B-00C04F79EFBC}") = "AreaCalculation", "IntermediateLevel\AreaCalculation\AreaCalculation.csproj", "{C9A3BBC1-2978-4FEC-8631-EF3B224D6528}"
EndProject
Project("{FAE04EC0-301F-11D3-BF4B-00C04F79EFBC}") = "IntegerSumOfBinaries", "IntermediateLevel\IntegerSumOfBinaries\IntegerSumOfBinaries.csproj", "{23D016A5-7499-4965-A302-C5EBC6993ECA}"
EndProject
Project("{FAE04EC0-301F-11D3-BF4B-00C04F79EFBC}") = "AbsoluteSquaring", "IntermediateLevel\AbsoluteSquaring\AbsoluteSquaring.csproj", "{EEBBF788-7BA6-4026-91F4-A03D10C83F30}"
EndProject
Project("{FAE04EC0-301F-11D3-BF4B-00C04F79EFBC}") = "CharacterChange", "IntermediateLevel\CharacterChange\CharacterChange.csproj", "{3A8BC375-0087-412F-A793-57FED4BEA479}"
EndProject
Project("{FAE04EC0-301F-11D3-BF4B-00C04F79EFBC}") = "ConsonantLetter", "IntermediateLevel\ConsonantLetter\ConsonantLetter.csproj", "{D7A85609-A82B-4525-B749-2777A800E3C4}"
EndProject
Project("{2150E333-8FDC-42A3-9474-1A3956D46DE8}") = "HardLevel", "HardLevel", "{8D066423-B4BE-48EC-93ED-EC5C36BBF16B}"
EndProject
Project("{FAE04EC0-301F-11D3-BF4B-00C04F79EFBC}") = "VotingApp", "HardLevel\VotingApp\VotingApp.csproj", "{5D8497E0-1561-4E50-8EF7-0C59F44F29D3}"
EndProject
Global
	GlobalSection(SolutionConfigurationPlatforms) = preSolution
		Debug|Any CPU = Debug|Any CPU
		Release|Any CPU = Release|Any CPU
	EndGlobalSection
	GlobalSection(SolutionProperties) = preSolution
		HideSolutionNode = FALSE
	EndGlobalSection
	GlobalSection(ProjectConfigurationPlatforms) = postSolution
		{B781934C-62D7-4946-B345-58E6B3DE1F98}.Debug|Any CPU.ActiveCfg = Debug|Any CPU
		{B781934C-62D7-4946-B345-58E6B3DE1F98}.Debug|Any CPU.Build.0 = Debug|Any CPU
		{B781934C-62D7-4946-B345-58E6B3DE1F98}.Release|Any CPU.ActiveCfg = Release|Any CPU
		{B781934C-62D7-4946-B345-58E6B3DE1F98}.Release|Any CPU.Build.0 = Release|Any CPU
		{424EE9A2-9B70-48E8-9749-3243FD797F5E}.Debug|Any CPU.ActiveCfg = Debug|Any CPU
		{424EE9A2-9B70-48E8-9749-3243FD797F5E}.Debug|Any CPU.Build.0 = Debug|Any CPU
		{424EE9A2-9B70-48E8-9749-3243FD797F5E}.Release|Any CPU.ActiveCfg = Release|Any CPU
		{424EE9A2-9B70-48E8-9749-3243FD797F5E}.Release|Any CPU.Build.0 = Release|Any CPU
		{FA748D4C-1257-406B-A436-2DA32FD180DE}.Debug|Any CPU.ActiveCfg = Debug|Any CPU
		{FA748D4C-1257-406B-A436-2DA32FD180DE}.Debug|Any CPU.Build.0 = Debug|Any CPU
		{FA748D4C-1257-406B-A436-2DA32FD180DE}.Release|Any CPU.ActiveCfg = Release|Any CPU
		{FA748D4C-1257-406B-A436-2DA32FD180DE}.Release|Any CPU.Build.0 = Release|Any CPU
		{32FCCDC2-72CB-4E55-A54C-247BD762971E}.Debug|Any CPU.ActiveCfg = Debug|Any CPU
		{32FCCDC2-72CB-4E55-A54C-247BD762971E}.Debug|Any CPU.Build.0 = Debug|Any CPU
		{32FCCDC2-72CB-4E55-A54C-247BD762971E}.Release|Any CPU.ActiveCfg = Release|Any CPU
		{32FCCDC2-72CB-4E55-A54C-247BD762971E}.Release|Any CPU.Build.0 = Release|Any CPU
		{B7463463-6EF7-49D8-91DF-AA6B996FE0EF}.Debug|Any CPU.ActiveCfg = Debug|Any CPU
		{B7463463-6EF7-49D8-91DF-AA6B996FE0EF}.Debug|Any CPU.Build.0 = Debug|Any CPU
		{B7463463-6EF7-49D8-91DF-AA6B996FE0EF}.Release|Any CPU.ActiveCfg = Release|Any CPU
		{B7463463-6EF7-49D8-91DF-AA6B996FE0EF}.Release|Any CPU.Build.0 = Release|Any CPU
		{C9A3BBC1-2978-4FEC-8631-EF3B224D6528}.Debug|Any CPU.ActiveCfg = Debug|Any CPU
		{C9A3BBC1-2978-4FEC-8631-EF3B224D6528}.Debug|Any CPU.Build.0 = Debug|Any CPU
		{C9A3BBC1-2978-4FEC-8631-EF3B224D6528}.Release|Any CPU.ActiveCfg = Release|Any CPU
		{C9A3BBC1-2978-4FEC-8631-EF3B224D6528}.Release|Any CPU.Build.0 = Release|Any CPU
		{23D016A5-7499-4965-A302-C5EBC6993ECA}.Debug|Any CPU.ActiveCfg = Debug|Any CPU
		{23D016A5-7499-4965-A302-C5EBC6993ECA}.Debug|Any CPU.Build.0 = Debug|Any CPU
		{23D016A5-7499-4965-A302-C5EBC6993ECA}.Release|Any CPU.ActiveCfg = Release|Any CPU
		{23D016A5-7499-4965-A302-C5EBC6993ECA}.Release|Any CPU.Build.0 = Release|Any CPU
		{EEBBF788-7BA6-4026-91F4-A03D10C83F30}.Debug|Any CPU.ActiveCfg = Debug|Any CPU
		{EEBBF788-7BA6-4026-91F4-A03D10C83F30}.Debug|Any CPU.Build.0 = Debug|Any CPU
		{EEBBF788-7BA6-4026-91F4-A03D10C83F30}.Release|Any CPU.ActiveCfg = Release|Any CPU
		{EEBBF788-7BA6-4026-91F4-A03D10C83F30}.Release|Any CPU.Build.0 = Release|Any CPU
		{3A8BC375-0087-412F-A793-57FED4BEA479}.Debug|Any CPU.ActiveCfg = Debug|Any CPU
		{3A8BC375-0087-412F-A793-57FED4BEA479}.Debug|Any CPU.Build.0 = Debug|Any CPU
		{3A8BC375-0087-412F-A793-57FED4BEA479}.Release|Any CPU.ActiveCfg = Release|Any CPU
		{3A8BC375-0087-412F-A793-57FED4BEA479}.Release|Any CPU.Build.0 = Release|Any CPU
		{D7A85609-A82B-4525-B749-2777A800E3C4}.Debug|Any CPU.ActiveCfg = Debug|Any CPU
		{D7A85609-A82B-4525-B749-2777A800E3C4}.Debug|Any CPU.Build.0 = Debug|Any CPU
		{D7A85609-A82B-4525-B749-2777A800E3C4}.Release|Any CPU.ActiveCfg = Release|Any CPU
		{D7A85609-A82B-4525-B749-2777A800E3C4}.Release|Any CPU.Build.0 = Release|Any CPU
		{5D8497E0-1561-4E50-8EF7-0C59F44F29D3}.Debug|Any CPU.ActiveCfg = Debug|Any CPU
		{5D8497E0-1561-4E50-8EF7-0C59F44F29D3}.Debug|Any CPU.Build.0 = Debug|Any CPU
		{5D8497E0-1561-4E50-8EF7-0C59F44F29D3}.Release|Any CPU.ActiveCfg = Release|Any CPU
		{5D8497E0-1561-4E50-8EF7-0C59F44F29D3}.Release|Any CPU.Build.0 = Release|Any CPU
	EndGlobalSection
	GlobalSection(NestedProjects) = preSolution
		{B781934C-62D7-4946-B345-58E6B3DE1F98} = {23FA07B0-1E03-444D-8B03-7AA91B2A2A15}
		{424EE9A2-9B70-48E8-9749-3243FD797F5E} = {23FA07B0-1E03-444D-8B03-7AA91B2A2A15}
		{FA748D4C-1257-406B-A436-2DA32FD180DE} = {23FA07B0-1E03-444D-8B03-7AA91B2A2A15}
		{32FCCDC2-72CB-4E55-A54C-247BD762971E} = {23FA07B0-1E03-444D-8B03-7AA91B2A2A15}
		{B7463463-6EF7-49D8-91DF-AA6B996FE0EF} = {23FA07B0-1E03-444D-8B03-7AA91B2A2A15}
		{C9A3BBC1-2978-4FEC-8631-EF3B224D6528} = {FFBA927B-D7EC-4877-AFD1-187D177F0613}
		{23D016A5-7499-4965-A302-C5EBC6993ECA} = {FFBA927B-D7EC-4877-AFD1-187D177F0613}
		{EEBBF788-7BA6-4026-91F4-A03D10C83F30} = {FFBA927B-D7EC-4877-AFD1-187D177F0613}
		{3A8BC375-0087-412F-A793-57FED4BEA479} = {FFBA927B-D7EC-4877-AFD1-187D177F0613}
		{D7A85609-A82B-4525-B749-2777A800E3C4} = {FFBA927B-D7EC-4877-AFD1-187D177F0613}
		{5D8497E0-1561-4E50-8EF7-0C59F44F29D3} = {8D066423-B4BE-48EC-93ED-EC5C36BBF16B}
	EndGlobalSection
EndGlobal
